
Microsoft Visual Studio Solution File, Format Version 12.00
# Visual Studio Version 17
VisualStudioVersion = 17.0.31912.275
MinimumVisualStudioVersion = 10.0.40219.1
Project("{9A19103F-16F7-4668-BE54-9A1E7A4F7556}") = "CreationDND", "CreationDND\CreationDND.csproj", "{AAFE3B4C-68BE-4C8F-A0AB-6AFE873EC46E}"
EndProject
Project("{9A19103F-16F7-4668-BE54-9A1E7A4F7556}") = "Model", "Model\Model.csproj", "{B4C71123-DA64-428D-ACD3-77D62F50F869}"
EndProject
Project("{9A19103F-16F7-4668-BE54-9A1E7A4F7556}") = "ViewModel", "ViewModel\ViewModel.csproj", "{C1DFA85B-DCD2-473B-AC64-4FC59F66D00B}"
EndProject
Global
	GlobalSection(SolutionConfigurationPlatforms) = preSolution
		Debug|Any CPU = Debug|Any CPU
		Release|Any CPU = Release|Any CPU
	EndGlobalSection
	GlobalSection(ProjectConfigurationPlatforms) = postSolution
		{AAFE3B4C-68BE-4C8F-A0AB-6AFE873EC46E}.Debug|Any CPU.ActiveCfg = Debug|Any CPU
		{AAFE3B4C-68BE-4C8F-A0AB-6AFE873EC46E}.Debug|Any CPU.Build.0 = Debug|Any CPU
		{AAFE3B4C-68BE-4C8F-A0AB-6AFE873EC46E}.Release|Any CPU.ActiveCfg = Release|Any CPU
		{AAFE3B4C-68BE-4C8F-A0AB-6AFE873EC46E}.Release|Any CPU.Build.0 = Release|Any CPU
		{B4C71123-DA64-428D-ACD3-77D62F50F869}.Debug|Any CPU.ActiveCfg = Debug|Any CPU
		{B4C71123-DA64-428D-ACD3-77D62F50F869}.Debug|Any CPU.Build.0 = Debug|Any CPU
		{B4C71123-DA64-428D-ACD3-77D62F50F869}.Release|Any CPU.ActiveCfg = Release|Any CPU
		{B4C71123-DA64-428D-ACD3-77D62F50F869}.Release|Any CPU.Build.0 = Release|Any CPU
		{C1DFA85B-DCD2-473B-AC64-4FC59F66D00B}.Debug|Any CPU.ActiveCfg = Debug|Any CPU
		{C1DFA85B-DCD2-473B-AC64-4FC59F66D00B}.Debug|Any CPU.Build.0 = Debug|Any CPU
		{C1DFA85B-DCD2-473B-AC64-4FC59F66D00B}.Release|Any CPU.ActiveCfg = Release|Any CPU
		{C1DFA85B-DCD2-473B-AC64-4FC59F66D00B}.Release|Any CPU.Build.0 = Release|Any CPU
	EndGlobalSection
	GlobalSection(SolutionProperties) = preSolution
		HideSolutionNode = FALSE
	EndGlobalSection
	GlobalSection(ExtensibilityGlobals) = postSolution
		SolutionGuid = {BC9EC601-E302-446F-845F-9C651E998CCA}
	EndGlobalSection
EndGlobal
